lockfileVersion: 5.4

specifiers:
  '@types/node': '16'
  typescript: ^4.9.5

devDependencies:
  '@types/node': 16.18.14
  typescript: 4.9.5

packages:

  /@types/node/16.18.14:
    resolution: {integrity: sha512-wvzClDGQXOCVNU4APPopC2KtMYukaF1MN/W3xAmslx22Z4/IF1/izDMekuyoUlwfnDHYCIZGaj7jMwnJKBTxKw==}
    dev: true

  /typescript/4.9.5:
    resolution: {integrity: sha512-1FXk9E2Hm+QzZQ7z+McJiHL4NW1F2EzMu9Nq9i3zAaGqibafqYwCVU6WyWAuyQRRzOlxou8xZSyXLEN8oKj24g==}
    engines: {node: '>=4.2.0'}
    hasBin: true
    dev: true
